
Microsoft Visual Studio Solution File, Format Version 12.00
# Visual Studio Version 17
VisualStudioVersion = 17.12.35707.178
MinimumVisualStudioVersion = 10.0.40219.1
Project("{FAE04EC0-301F-11D3-BF4B-00C04F79EFBC}") = "Gluon.Core", "Gluon.Core\Gluon.Core.csproj", "{4B845583-6655-4C7E-A6CF-132F0F21978A}"
EndProject
Project("{FAE04EC0-301F-11D3-BF4B-00C04F79EFBC}") = "Gluon.UI", "Gluon.UI\Gluon.UI.csproj", "{B39E29CD-7201-481F-8FC0-B8F71A52D9CE}"
EndProject
Project("{FAE04EC0-301F-11D3-BF4B-00C04F79EFBC}") = "Gluon.UI.Example", "Gluon.UI.Example\Gluon.UI.Example.csproj", "{E56D1766-45A2-4497-AEFF-B8ABCD02E4C7}"
EndProject
Project("{FAE04EC0-301F-11D3-BF4B-00C04F79EFBC}") = "Gluon.Reactive", "Gluon.Reactive\Gluon.Reactive.csproj", "{8538A9C4-3B59-4D05-AE84-0AD7222463DD}"
EndProject
Project("{2150E333-8FDC-42A3-9474-1A3956D46DE8}") = "Solution Items", "Solution Items", "{78B2CE64-C448-4ABA-972C-2BF753D1164F}"
EndProject
Global
	GlobalSection(SolutionConfigurationPlatforms) = preSolution
		Debug|Any CPU = Debug|Any CPU
		Release|Any CPU = Release|Any CPU
	EndGlobalSection
	GlobalSection(ProjectConfigurationPlatforms) = postSolution
		{4B845583-6655-4C7E-A6CF-132F0F21978A}.Debug|Any CPU.ActiveCfg = Debug|Any CPU
		{4B845583-6655-4C7E-A6CF-132F0F21978A}.Debug|Any CPU.Build.0 = Debug|Any CPU
		{4B845583-6655-4C7E-A6CF-132F0F21978A}.Release|Any CPU.ActiveCfg = Release|Any CPU
		{4B845583-6655-4C7E-A6CF-132F0F21978A}.Release|Any CPU.Build.0 = Release|Any CPU
		{B39E29CD-7201-481F-8FC0-B8F71A52D9CE}.Debug|Any CPU.ActiveCfg = Debug|Any CPU
		{B39E29CD-7201-481F-8FC0-B8F71A52D9CE}.Debug|Any CPU.Build.0 = Debug|Any CPU
		{B39E29CD-7201-481F-8FC0-B8F71A52D9CE}.Release|Any CPU.ActiveCfg = Release|Any CPU
		{B39E29CD-7201-481F-8FC0-B8F71A52D9CE}.Release|Any CPU.Build.0 = Release|Any CPU
		{E56D1766-45A2-4497-AEFF-B8ABCD02E4C7}.Debug|Any CPU.ActiveCfg = Debug|Any CPU
		{E56D1766-45A2-4497-AEFF-B8ABCD02E4C7}.Debug|Any CPU.Build.0 = Debug|Any CPU
		{E56D1766-45A2-4497-AEFF-B8ABCD02E4C7}.Release|Any CPU.ActiveCfg = Release|Any CPU
		{E56D1766-45A2-4497-AEFF-B8ABCD02E4C7}.Release|Any CPU.Build.0 = Release|Any CPU
		{8538A9C4-3B59-4D05-AE84-0AD7222463DD}.Debug|Any CPU.ActiveCfg = Debug|Any CPU
		{8538A9C4-3B59-4D05-AE84-0AD7222463DD}.Debug|Any CPU.Build.0 = Debug|Any CPU
		{8538A9C4-3B59-4D05-AE84-0AD7222463DD}.Release|Any CPU.ActiveCfg = Release|Any CPU
		{8538A9C4-3B59-4D05-AE84-0AD7222463DD}.Release|Any CPU.Build.0 = Release|Any CPU
	EndGlobalSection
	GlobalSection(SolutionProperties) = preSolution
		HideSolutionNode = FALSE
	EndGlobalSection
EndGlobal
